
Microsoft Visual Studio Solution File, Format Version 12.00
# Visual Studio Version 17
VisualStudioVersion = 17.4.33110.190
MinimumVisualStudioVersion = 10.0.40219.1
Project("{9A19103F-16F7-4668-BE54-9A1E7A4F7556}") = "Web Api", "Web Api\Web Api.csproj", "{684B4EF2-E197-4697-ADA3-4B977585248E}"
EndProject
Project("{9A19103F-16F7-4668-BE54-9A1E7A4F7556}") = "DAL", "DAL\DAL.csproj", "{9B1BF44E-F0C1-4A4D-A593-97E69187C472}"
EndProject
Project("{9A19103F-16F7-4668-BE54-9A1E7A4F7556}") = "MVC", "MVC\MVC.csproj", "{8E9C2D2A-FFA2-4A87-BF30-DF3B5D15F97F}"
EndProject
Project("{FAE04EC0-301F-11D3-BF4B-00C04F79EFBC}") = "BL", "BL\BL.csproj", "{611A3085-E3B5-49F6-A5E9-8DA21486FE81}"
EndProject
Global
	GlobalSection(SolutionConfigurationPlatforms) = preSolution
		Debug|Any CPU = Debug|Any CPU
		Release|Any CPU = Release|Any CPU
	EndGlobalSection
	GlobalSection(ProjectConfigurationPlatforms) = postSolution
		{684B4EF2-E197-4697-ADA3-4B977585248E}.Debug|Any CPU.ActiveCfg = Debug|Any CPU
		{684B4EF2-E197-4697-ADA3-4B977585248E}.Debug|Any CPU.Build.0 = Debug|Any CPU
		{684B4EF2-E197-4697-ADA3-4B977585248E}.Release|Any CPU.ActiveCfg = Release|Any CPU
		{684B4EF2-E197-4697-ADA3-4B977585248E}.Release|Any CPU.Build.0 = Release|Any CPU
		{9B1BF44E-F0C1-4A4D-A593-97E69187C472}.Debug|Any CPU.ActiveCfg = Debug|Any CPU
		{9B1BF44E-F0C1-4A4D-A593-97E69187C472}.Debug|Any CPU.Build.0 = Debug|Any CPU
		{9B1BF44E-F0C1-4A4D-A593-97E69187C472}.Release|Any CPU.ActiveCfg = Release|Any CPU
		{9B1BF44E-F0C1-4A4D-A593-97E69187C472}.Release|Any CPU.Build.0 = Release|Any CPU
		{8E9C2D2A-FFA2-4A87-BF30-DF3B5D15F97F}.Debug|Any CPU.ActiveCfg = Debug|Any CPU
		{8E9C2D2A-FFA2-4A87-BF30-DF3B5D15F97F}.Debug|Any CPU.Build.0 = Debug|Any CPU
		{8E9C2D2A-FFA2-4A87-BF30-DF3B5D15F97F}.Release|Any CPU.ActiveCfg = Release|Any CPU
		{8E9C2D2A-FFA2-4A87-BF30-DF3B5D15F97F}.Release|Any CPU.Build.0 = Release|Any CPU
		{611A3085-E3B5-49F6-A5E9-8DA21486FE81}.Debug|Any CPU.ActiveCfg = Debug|Any CPU
		{611A3085-E3B5-49F6-A5E9-8DA21486FE81}.Debug|Any CPU.Build.0 = Debug|Any CPU
		{611A3085-E3B5-49F6-A5E9-8DA21486FE81}.Release|Any CPU.ActiveCfg = Release|Any CPU
		{611A3085-E3B5-49F6-A5E9-8DA21486FE81}.Release|Any CPU.Build.0 = Release|Any CPU
	EndGlobalSection
	GlobalSection(SolutionProperties) = preSolution
		HideSolutionNode = FALSE
	EndGlobalSection
	GlobalSection(ExtensibilityGlobals) = postSolution
		SolutionGuid = {451D5FEE-69C8-48A5-A3AB-034031D315BF}
	EndGlobalSection
EndGlobal
